
Microsoft Visual Studio Solution File, Format Version 12.00
# Visual Studio Version 17
VisualStudioVersion = 17.12.35527.113 d17.12
MinimumVisualStudioVersion = 10.0.40219.1
Project("{FAE04EC0-301F-11D3-BF4B-00C04F79EFBC}") = "LMS", "LMS\LMS.csproj", "{0B7C77EE-D9C2-49C6-87DC-36C942A8A728}"
EndProject
Global
	GlobalSection(SolutionConfigurationPlatforms) = preSolution
		Debug|Any CPU = Debug|Any CPU
		Release|Any CPU = Release|Any CPU
	EndGlobalSection
	GlobalSection(ProjectConfigurationPlatforms) = postSolution
		{0B7C77EE-D9C2-49C6-87DC-36C942A8A728}.Debug|Any CPU.ActiveCfg = Debug|Any CPU
		{0B7C77EE-D9C2-49C6-87DC-36C942A8A728}.Debug|Any CPU.Build.0 = Debug|Any CPU
		{0B7C77EE-D9C2-49C6-87DC-36C942A8A728}.Release|Any CPU.ActiveCfg = Release|Any CPU
		{0B7C77EE-D9C2-49C6-87DC-36C942A8A728}.Release|Any CPU.Build.0 = Release|Any CPU
	EndGlobalSection
	GlobalSection(SolutionProperties) = preSolution
		HideSolutionNode = FALSE
	EndGlobalSection
EndGlobal
